// !$*UTF8*$!
{
	archiveVersion = 1;
	classes = {
	};
	objectVersion = 55;
	objects = {

/* Begin PBXBuildFile section */
		06F3B8F66A238D97DDF1E7F8 /* Pods_Square1_iOS_Assessment_Square1_iOS_AssessmentUITests.framework in Frameworks */ = {isa = PBXBuildFile; fileRef = 044FD9CF6A7656816AF6A65D /* Pods_Square1_iOS_Assessment_Square1_iOS_AssessmentUITests.framework */; };
		B2218FB8DCC7625698664A2F /* Pods_Square1_iOS_Assessment.framework in Frameworks */ = {isa = PBXBuildFile; fileRef = AD9A881FD08DA2B880947FF9 /* Pods_Square1_iOS_Assessment.framework */; };
		C5E343214BB0CFB87E8AA303 /* Pods_Square1_iOS_Assessment_Square1_iOS_AssessmentTests.framework in Frameworks */ = {isa = PBXBuildFile; fileRef = 4A8F9655252F8C4364D771AF /* Pods_Square1_iOS_Assessment_Square1_iOS_AssessmentTests.framework */; };
		C70BBEC32888CE960094D402 /* AppDelegate.swift in Sources */ = {isa = PBXBuildFile; fileRef = C70BBEC22888CE960094D402 /* AppDelegate.swift */; };
		C70BBEC52888CE960094D402 /* SceneDelegate.swift in Sources */ = {isa = PBXBuildFile; fileRef = C70BBEC42888CE960094D402 /* SceneDelegate.swift */; };
		C70BBEC72888CE960094D402 /* HomeViewController.swift in Sources */ = {isa = PBXBuildFile; fileRef = C70BBEC62888CE960094D402 /* HomeViewController.swift */; };
		C70BBECA2888CE960094D402 /* Main.storyboard in Resources */ = {isa = PBXBuildFile; fileRef = C70BBEC82888CE960094D402 /* Main.storyboard */; };
		C70BBECC2888CE990094D402 /* Assets.xcassets in Resources */ = {isa = PBXBuildFile; fileRef = C70BBECB2888CE990094D402 /* Assets.xcassets */; };
		C70BBECF2888CE990094D402 /* LaunchScreen.storyboard in Resources */ = {isa = PBXBuildFile; fileRef = C70BBECD2888CE990094D402 /* LaunchScreen.storyboard */; };
		C70BBEDA2888CE990094D402 /* Square1_iOS_AssessmentTests.swift in Sources */ = {isa = PBXBuildFile; fileRef = C70BBED92888CE990094D402 /* Square1_iOS_AssessmentTests.swift */; };
		C70BBEE42888CE990094D402 /* Square1_iOS_AssessmentUITests.swift in Sources */ = {isa = PBXBuildFile; fileRef = C70BBEE32888CE990094D402 /* Square1_iOS_AssessmentUITests.swift */; };
		C70BBEE62888CE990094D402 /* Square1_iOS_AssessmentUITestsLaunchTests.swift in Sources */ = {isa = PBXBuildFile; fileRef = C70BBEE52888CE990094D402 /* Square1_iOS_AssessmentUITestsLaunchTests.swift */; };
		C70BBEF52889490E0094D402 /* NetworkManager.swift in Sources */ = {isa = PBXBuildFile; fileRef = C70BBEF42889490E0094D402 /* NetworkManager.swift */; };
		C74EF76C28895C5D0066A58E /* ApiResponseModel.swift in Sources */ = {isa = PBXBuildFile; fileRef = C74EF76B28895C5D0066A58E /* ApiResponseModel.swift */; };
		C74EF77528897D770066A58E /* Repository.swift in Sources */ = {isa = PBXBuildFile; fileRef = C74EF77428897D770066A58E /* Repository.swift */; };
		C74EF77928897E170066A58E /* LocalDataCacheManager.swift in Sources */ = {isa = PBXBuildFile; fileRef = C74EF77828897E170066A58E /* LocalDataCacheManager.swift */; };
		C74EF77B2889933E0066A58E /* RealmModel.swift in Sources */ = {isa = PBXBuildFile; fileRef = C74EF77A2889933E0066A58E /* RealmModel.swift */; };
		C74EF77E2889C49F0066A58E /* ViewModel.swift in Sources */ = {isa = PBXBuildFile; fileRef = C74EF77D2889C49F0066A58E /* ViewModel.swift */; };
		C74EF780288A06E80066A58E /* ListViewController.swift in Sources */ = {isa = PBXBuildFile; fileRef = C74EF77F288A06E80066A58E /* ListViewController.swift */; };
		C74EF782288A07000066A58E /* MapViewController.swift in Sources */ = {isa = PBXBuildFile; fileRef = C74EF781288A07000066A58E /* MapViewController.swift */; };
		C74EF785288A93BE0066A58E /* GenericTableViewDataSourceDelegate.swift in Sources */ = {isa = PBXBuildFile; fileRef = C74EF784288A93BE0066A58E /* GenericTableViewDataSourceDelegate.swift */; };
		C74EF787288A96130066A58E /* UIViewController + Extensions.swift in Sources */ = {isa = PBXBuildFile; fileRef = C74EF786288A96130066A58E /* UIViewController + Extensions.swift */; };
		C74EF78B288AA4D50066A58E /* TableViewCell.swift in Sources */ = {isa = PBXBuildFile; fileRef = C74EF789288AA4D50066A58E /* TableViewCell.swift */; };
		C74EF78C288AA4D50066A58E /* TableViewCell.xib in Resources */ = {isa = PBXBuildFile; fileRef = C74EF78A288AA4D50066A58E /* TableViewCell.xib */; };
		C74EF793288AE69D0066A58E /* ViewModelTest.swift in Sources */ = {isa = PBXBuildFile; fileRef = C74EF792288AE69D0066A58E /* ViewModelTest.swift */; };
		C74EF795288B54110066A58E /* ItemDataSource.swift in Sources */ = {isa = PBXBuildFile; fileRef = C74EF794288B54110066A58E /* ItemDataSource.swift */; };
		C76A63C0288BA7AB0043E315 /* SearchViewController.swift in Sources */ = {isa = PBXBuildFile; fileRef = C76A63BF288BA7AB0043E315 /* SearchViewController.swift */; };
		C76A63C3288CCCB60043E315 /* UITableView + Extension.swift in Sources */ = {isa = PBXBuildFile; fileRef = C76A63C2288CCCB60043E315 /* UITableView + Extension.swift */; };
/* End PBXBuildFile section */

/* Begin PBXContainerItemProxy section */
		C70BBED62888CE990094D402 /* PBXContainerItemProxy */ = {
			isa = PBXContainerItemProxy;
			containerPortal = C70BBEB72888CE960094D402 /* Project object */;
			proxyType = 1;
			remoteGlobalIDString = C70BBEBE2888CE960094D402;
			remoteInfo = Square1_iOS_Assessment;
		};
		C70BBEE02888CE990094D402 /* PBXContainerItemProxy */ = {
			isa = PBXContainerItemProxy;
			containerPortal = C70BBEB72888CE960094D402 /* Project object */;
			proxyType = 1;
			remoteGlobalIDString = C70BBEBE2888CE960094D402;
			remoteInfo = Square1_iOS_Assessment;
		};
/* End PBXContainerItemProxy section */

/* Begin PBXFileReference section */
		044FD9CF6A7656816AF6A65D /* Pods_Square1_iOS_Assessment_Square1_iOS_AssessmentUITests.framework */ = {isa = PBXFileReference; explicitFileType = wrapper.framework; includeInIndex = 0; path = Pods_Square1_iOS_Assessment_Square1_iOS_AssessmentUITests.framework; sourceTree = BUILT_PRODUCTS_DIR; };
		08F9DDC4A55FA6BDFF118A99 /* Pods-Square1_iOS_Assessment.release.xcconfig */ = {isa = PBXFileReference; includeInIndex = 1; lastKnownFileType = text.xcconfig; name = "Pods-Square1_iOS_Assessment.release.xcconfig"; path = "Target Support Files/Pods-Square1_iOS_Assessment/Pods-Square1_iOS_Assessment.release.xcconfig"; sourceTree = "<group>"; };
		272EA7D5E81C6E3143367368 /* Pods-Square1_iOS_AssessmentTests.debug.xcconfig */ = {isa = PBXFileReference; includeInIndex = 1; lastKnownFileType = text.xcconfig; name = "Pods-Square1_iOS_AssessmentTests.debug.xcconfig"; path = "Target Support Files/Pods-Square1_iOS_AssessmentTests/Pods-Square1_iOS_AssessmentTests.debug.xcconfig"; sourceTree = "<group>"; };
		3EE3B3CE48E81B98E5173F6B /* Pods-Square1_iOS_Assessment-Square1_iOS_AssessmentTests.release.xcconfig */ = {isa = PBXFileReference; includeInIndex = 1; lastKnownFileType = text.xcconfig; name = "Pods-Square1_iOS_Assessment-Square1_iOS_AssessmentTests.release.xcconfig"; path = "Target Support Files/Pods-Square1_iOS_Assessment-Square1_iOS_AssessmentTests/Pods-Square1_iOS_Assessment-Square1_iOS_AssessmentTests.release.xcconfig"; sourceTree = "<group>"; };
		4A8F9655252F8C4364D771AF /* Pods_Square1_iOS_Assessment_Square1_iOS_AssessmentTests.framework */ = {isa = PBXFileReference; explicitFileType = wrapper.framework; includeInIndex = 0; path = Pods_Square1_iOS_Assessment_Square1_iOS_AssessmentTests.framework; sourceTree = BUILT_PRODUCTS_DIR; };
		7F40B7C7131BA6F0E491F5F5 /* Pods-Square1_iOS_AssessmentTests.release.xcconfig */ = {isa = PBXFileReference; includeInIndex = 1; lastKnownFileType = text.xcconfig; name = "Pods-Square1_iOS_AssessmentTests.release.xcconfig"; path = "Target Support Files/Pods-Square1_iOS_AssessmentTests/Pods-Square1_iOS_AssessmentTests.release.xcconfig"; sourceTree = "<group>"; };
		8FA45864F50C08A52738B8D2 /* Pods-Square1_iOS_Assessment.debug.xcconfig */ = {isa = PBXFileReference; includeInIndex = 1; lastKnownFileType = text.xcconfig; name = "Pods-Square1_iOS_Assessment.debug.xcconfig"; path = "Target Support Files/Pods-Square1_iOS_Assessment/Pods-Square1_iOS_Assessment.debug.xcconfig"; sourceTree = "<group>"; };
		AD9A881FD08DA2B880947FF9 /* Pods_Square1_iOS_Assessment.framework */ = {isa = PBXFileReference; explicitFileType = wrapper.framework; includeInIndex = 0; path = Pods_Square1_iOS_Assessment.framework; sourceTree = BUILT_PRODUCTS_DIR; };
		C70BBEBF2888CE960094D402 /* Square1_iOS_Assessment.app */ = {isa = PBXFileReference; explicitFileType = wrapper.application; includeInIndex = 0; path = Square1_iOS_Assessment.app; sourceTree = BUILT_PRODUCTS_DIR; };
		C70BBEC22888CE960094D402 /* AppDelegate.swift */ = {isa = PBXFileReference; lastKnownFileType = sourcecode.swift; path = AppDelegate.swift; sourceTree = "<group>"; };
		C70BBEC42888CE960094D402 /* SceneDelegate.swift */ = {isa = PBXFileReference; lastKnownFileType = sourcecode.swift; path = SceneDelegate.swift; sourceTree = "<group>"; };
		C70BBEC62888CE960094D402 /* HomeViewController.swift */ = {isa = PBXFileReference; lastKnownFileType = sourcecode.swift; path = HomeViewController.swift; sourceTree = "<group>"; };
		C70BBEC92888CE960094D402 /* Base */ = {isa = PBXFileReference; lastKnownFileType = file.storyboard; name = Base; path = Base.lproj/Main.storyboard; sourceTree = "<group>"; };
		C70BBECB2888CE990094D402 /* Assets.xcassets */ = {isa = PBXFileReference; lastKnownFileType = folder.assetcatalog; path = Assets.xcassets; sourceTree = "<group>"; };
		C70BBECE2888CE990094D402 /* Base */ = {isa = PBXFileReference; lastKnownFileType = file.storyboard; name = Base; path = Base.lproj/LaunchScreen.storyboard; sourceTree = "<group>"; };
		C70BBED02888CE990094D402 /* Info.plist */ = {isa = PBXFileReference; lastKnownFileType = text.plist.xml; path = Info.plist; sourceTree = "<group>"; };
		C70BBED52888CE990094D402 /* Square1_iOS_AssessmentTests.xctest */ = {isa = PBXFileReference; explicitFileType = wrapper.cfbundle; includeInIndex = 0; path = Square1_iOS_AssessmentTests.xctest; sourceTree = BUILT_PRODUCTS_DIR; };
		C70BBED92888CE990094D402 /* Square1_iOS_AssessmentTests.swift */ = {isa = PBXFileReference; lastKnownFileType = sourcecode.swift; path = Square1_iOS_AssessmentTests.swift; sourceTree = "<group>"; };
		C70BBEDF2888CE990094D402 /* Square1_iOS_AssessmentUITests.xctest */ = {isa = PBXFileReference; explicitFileType = wrapper.cfbundle; includeInIndex = 0; path = Square1_iOS_AssessmentUITests.xctest; sourceTree = BUILT_PRODUCTS_DIR; };
		C70BBEE32888CE990094D402 /* Square1_iOS_AssessmentUITests.swift */ = {isa = PBXFileReference; lastKnownFileType = sourcecode.swift; path = Square1_iOS_AssessmentUITests.swift; sourceTree = "<group>"; };
		C70BBEE52888CE990094D402 /* Square1_iOS_AssessmentUITestsLaunchTests.swift */ = {isa = PBXFileReference; lastKnownFileType = sourcecode.swift; path = Square1_iOS_AssessmentUITestsLaunchTests.swift; sourceTree = "<group>"; };
		C70BBEF42889490E0094D402 /* NetworkManager.swift */ = {isa = PBXFileReference; lastKnownFileType = sourcecode.swift; path = NetworkManager.swift; sourceTree = "<group>"; };
		C74EF76B28895C5D0066A58E /* ApiResponseModel.swift */ = {isa = PBXFileReference; lastKnownFileType = sourcecode.swift; path = ApiResponseModel.swift; sourceTree = "<group>"; };
		C74EF77428897D770066A58E /* Repository.swift */ = {isa = PBXFileReference; lastKnownFileType = sourcecode.swift; path = Repository.swift; sourceTree = "<group>"; };
		C74EF77828897E170066A58E /* LocalDataCacheManager.swift */ = {isa = PBXFileReference; lastKnownFileType = sourcecode.swift; path = LocalDataCacheManager.swift; sourceTree = "<group>"; };
		C74EF77A2889933E0066A58E /* RealmModel.swift */ = {isa = PBXFileReference; lastKnownFileType = sourcecode.swift; path = RealmModel.swift; sourceTree = "<group>"; };
		C74EF77D2889C49F0066A58E /* ViewModel.swift */ = {isa = PBXFileReference; lastKnownFileType = sourcecode.swift; path = ViewModel.swift; sourceTree = "<group>"; };
		C74EF77F288A06E80066A58E /* ListViewController.swift */ = {isa = PBXFileReference; lastKnownFileType = sourcecode.swift; path = ListViewController.swift; sourceTree = "<group>"; };
		C74EF781288A07000066A58E /* MapViewController.swift */ = {isa = PBXFileReference; lastKnownFileType = sourcecode.swift; path = MapViewController.swift; sourceTree = "<group>"; };
		C74EF784288A93BE0066A58E /* GenericTableViewDataSourceDelegate.swift */ = {isa = PBXFileReference; lastKnownFileType = sourcecode.swift; path = GenericTableViewDataSourceDelegate.swift; sourceTree = "<group>"; };
		C74EF786288A96130066A58E /* UIViewController + Extensions.swift */ = {isa = PBXFileReference; lastKnownFileType = sourcecode.swift; path = "UIViewController + Extensions.swift"; sourceTree = "<group>"; };
		C74EF789288AA4D50066A58E /* TableViewCell.swift */ = {isa = PBXFileReference; lastKnownFileType = sourcecode.swift; path = TableViewCell.swift; sourceTree = "<group>"; };
		C74EF78A288AA4D50066A58E /* TableViewCell.xib */ = {isa = PBXFileReference; lastKnownFileType = file.xib; path = TableViewCell.xib; sourceTree = "<group>"; };
		C74EF792288AE69D0066A58E /* ViewModelTest.swift */ = {isa = PBXFileReference; lastKnownFileType = sourcecode.swift; path = ViewModelTest.swift; sourceTree = "<group>"; };
		C74EF794288B54110066A58E /* ItemDataSource.swift */ = {isa = PBXFileReference; lastKnownFileType = sourcecode.swift; path = ItemDataSource.swift; sourceTree = "<group>"; };
		C76A63BF288BA7AB0043E315 /* SearchViewController.swift */ = {isa = PBXFileReference; lastKnownFileType = sourcecode.swift; path = SearchViewController.swift; sourceTree = "<group>"; };
		C76A63C2288CCCB60043E315 /* UITableView + Extension.swift */ = {isa = PBXFileReference; lastKnownFileType = sourcecode.swift; path = "UITableView + Extension.swift"; sourceTree = "<group>"; };
		D165335FFC4C18E3BF52B1C7 /* Pods-Square1_iOS_Assessment-Square1_iOS_AssessmentUITests.debug.xcconfig */ = {isa = PBXFileReference; includeInIndex = 1; lastKnownFileType = text.xcconfig; name = "Pods-Square1_iOS_Assessment-Square1_iOS_AssessmentUITests.debug.xcconfig"; path = "Target Support Files/Pods-Square1_iOS_Assessment-Square1_iOS_AssessmentUITests/Pods-Square1_iOS_Assessment-Square1_iOS_AssessmentUITests.debug.xcconfig"; sourceTree = "<group>"; };
		D30C2B8A875AB780F417C695 /* Pods-Square1_iOS_Assessment-Square1_iOS_AssessmentUITests.release.xcconfig */ = {isa = PBXFileReference; includeInIndex = 1; lastKnownFileType = text.xcconfig; name = "Pods-Square1_iOS_Assessment-Square1_iOS_AssessmentUITests.release.xcconfig"; path = "Target Support Files/Pods-Square1_iOS_Assessment-Square1_iOS_AssessmentUITests/Pods-Square1_iOS_Assessment-Square1_iOS_AssessmentUITests.release.xcconfig"; sourceTree = "<group>"; };
		EE8FC70D497EA757BAA0F5F0 /* Pods-Square1_iOS_Assessment-Square1_iOS_AssessmentTests.debug.xcconfig */ = {isa = PBXFileReference; includeInIndex = 1; lastKnownFileType = text.xcconfig; name = "Pods-Square1_iOS_Assessment-Square1_iOS_AssessmentTests.debug.xcconfig"; path = "Target Support Files/Pods-Square1_iOS_Assessment-Square1_iOS_AssessmentTests/Pods-Square1_iOS_Assessment-Square1_iOS_AssessmentTests.debug.xcconfig"; sourceTree = "<group>"; };
/* End PBXFileReference section */

/* Begin PBXFrameworksBuildPhase section */
		C70BBEBC2888CE960094D402 /* Frameworks */ = {
			isa = PBXFrameworksBuildPhase;
			buildActionMask = 2147483647;
			files = (
				B2218FB8DCC7625698664A2F /* Pods_Square1_iOS_Assessment.framework in Frameworks */,
			);
			runOnlyForDeploymentPostprocessing = 0;
		};
		C70BBED22888CE990094D402 /* Frameworks */ = {
			isa = PBXFrameworksBuildPhase;
			buildActionMask = 2147483647;
			files = (
				C5E343214BB0CFB87E8AA303 /* Pods_Square1_iOS_Assessment_Square1_iOS_AssessmentTests.framework in Frameworks */,
			);
			runOnlyForDeploymentPostprocessing = 0;
		};
		C70BBEDC2888CE990094D402 /* Frameworks */ = {
			isa = PBXFrameworksBuildPhase;
			buildActionMask = 2147483647;
			files = (
				06F3B8F66A238D97DDF1E7F8 /* Pods_Square1_iOS_Assessment_Square1_iOS_AssessmentUITests.framework in Frameworks */,
			);
			runOnlyForDeploymentPostprocessing = 0;
		};
/* End PBXFrameworksBuildPhase section */

/* Begin PBXGroup section */
		01EEA3081B412E8164E8C5B5 /* Pods */ = {
			isa = PBXGroup;
			children = (
				8FA45864F50C08A52738B8D2 /* Pods-Square1_iOS_Assessment.debug.xcconfig */,
				08F9DDC4A55FA6BDFF118A99 /* Pods-Square1_iOS_Assessment.release.xcconfig */,
				D165335FFC4C18E3BF52B1C7 /* Pods-Square1_iOS_Assessment-Square1_iOS_AssessmentUITests.debug.xcconfig */,
				D30C2B8A875AB780F417C695 /* Pods-Square1_iOS_Assessment-Square1_iOS_AssessmentUITests.release.xcconfig */,
				272EA7D5E81C6E3143367368 /* Pods-Square1_iOS_AssessmentTests.debug.xcconfig */,
				7F40B7C7131BA6F0E491F5F5 /* Pods-Square1_iOS_AssessmentTests.release.xcconfig */,
				EE8FC70D497EA757BAA0F5F0 /* Pods-Square1_iOS_Assessment-Square1_iOS_AssessmentTests.debug.xcconfig */,
				3EE3B3CE48E81B98E5173F6B /* Pods-Square1_iOS_Assessment-Square1_iOS_AssessmentTests.release.xcconfig */,
			);
			path = Pods;
			sourceTree = "<group>";
		};
		AC7176459D1A48D6958A53FE /* Frameworks */ = {
			isa = PBXGroup;
			children = (
				AD9A881FD08DA2B880947FF9 /* Pods_Square1_iOS_Assessment.framework */,
				044FD9CF6A7656816AF6A65D /* Pods_Square1_iOS_Assessment_Square1_iOS_AssessmentUITests.framework */,
				4A8F9655252F8C4364D771AF /* Pods_Square1_iOS_Assessment_Square1_iOS_AssessmentTests.framework */,
			);
			name = Frameworks;
			sourceTree = "<group>";
		};
		C70BBEB62888CE960094D402 = {
			isa = PBXGroup;
			children = (
				C70BBEC12888CE960094D402 /* Square1_iOS_Assessment */,
				C70BBED82888CE990094D402 /* Square1_iOS_AssessmentTests */,
				C70BBEE22888CE990094D402 /* Square1_iOS_AssessmentUITests */,
				C70BBEC02888CE960094D402 /* Products */,
				01EEA3081B412E8164E8C5B5 /* Pods */,
				AC7176459D1A48D6958A53FE /* Frameworks */,
			);
			sourceTree = "<group>";
		};
		C70BBEC02888CE960094D402 /* Products */ = {
			isa = PBXGroup;
			children = (
				C70BBEBF2888CE960094D402 /* Square1_iOS_Assessment.app */,
				C70BBED52888CE990094D402 /* Square1_iOS_AssessmentTests.xctest */,
				C70BBEDF2888CE990094D402 /* Square1_iOS_AssessmentUITests.xctest */,
			);
			name = Products;
			sourceTree = "<group>";
		};
		C70BBEC12888CE960094D402 /* Square1_iOS_Assessment */ = {
			isa = PBXGroup;
			children = (
				C74EF77728897D9F0066A58E /* DataManagerModule */,
				C74EF783288A93A00066A58E /* Utils */,
				C74EF77C2889C48B0066A58E /* Repository */,
				C74EF77128897D0E0066A58E /* Views */,
				C70BBEF3288942E20094D402 /* Model */,
				C70BBEC42888CE960094D402 /* SceneDelegate.swift */,
				C70BBEC22888CE960094D402 /* AppDelegate.swift */,
				C70BBEC82888CE960094D402 /* Main.storyboard */,
				C70BBECB2888CE990094D402 /* Assets.xcassets */,
				C70BBECD2888CE990094D402 /* LaunchScreen.storyboard */,
				C70BBED02888CE990094D402 /* Info.plist */,
			);
			path = Square1_iOS_Assessment;
			sourceTree = "<group>";
		};
		C70BBED82888CE990094D402 /* Square1_iOS_AssessmentTests */ = {
			isa = PBXGroup;
			children = (
				C74EF791288AE1A20066A58E /* ViewModelTest */,
				C70BBED92888CE990094D402 /* Square1_iOS_AssessmentTests.swift */,
			);
			path = Square1_iOS_AssessmentTests;
			sourceTree = "<group>";
		};
		C70BBEE22888CE990094D402 /* Square1_iOS_AssessmentUITests */ = {
			isa = PBXGroup;
			children = (
				C70BBEE32888CE990094D402 /* Square1_iOS_AssessmentUITests.swift */,
				C70BBEE52888CE990094D402 /* Square1_iOS_AssessmentUITestsLaunchTests.swift */,
			);
			path = Square1_iOS_AssessmentUITests;
			sourceTree = "<group>";
		};
		C70BBEF2288940260094D402 /* NetworkModule */ = {
			isa = PBXGroup;
			children = (
				C70BBEF42889490E0094D402 /* NetworkManager.swift */,
			);
			path = NetworkModule;
			sourceTree = "<group>";
		};
		C70BBEF3288942E20094D402 /* Model */ = {
			isa = PBXGroup;
			children = (
				C74EF76B28895C5D0066A58E /* ApiResponseModel.swift */,
				C74EF77A2889933E0066A58E /* RealmModel.swift */,
				C74EF794288B54110066A58E /* ItemDataSource.swift */,
			);
			path = Model;
			sourceTree = "<group>";
		};
		C74EF77128897D0E0066A58E /* Views */ = {
			isa = PBXGroup;
			children = (
				C76A63BE288BA7890043E315 /* SearchView */,
				C74EF78F288AE1770066A58E /* HomeView */,
				C74EF788288AA4AD0066A58E /* Cell */,
				C74EF77328897D320066A58E /* MapView */,
				C74EF77228897D260066A58E /* ListView */,
				C74EF77D2889C49F0066A58E /* ViewModel.swift */,
			);
			path = Views;
			sourceTree = "<group>";
		};
		C74EF77228897D260066A58E /* ListView */ = {
			isa = PBXGroup;
			children = (
				C74EF77F288A06E80066A58E /* ListViewController.swift */,
			);
			path = ListView;
			sourceTree = "<group>";
		};
		C74EF77328897D320066A58E /* MapView */ = {
			isa = PBXGroup;
			children = (
				C74EF781288A07000066A58E /* MapViewController.swift */,
			);
			path = MapView;
			sourceTree = "<group>";
		};
		C74EF77628897D8B0066A58E /* LocalCacheModule */ = {
			isa = PBXGroup;
			children = (
				C74EF77828897E170066A58E /* LocalDataCacheManager.swift */,
			);
			path = LocalCacheModule;
			sourceTree = "<group>";
		};
		C74EF77728897D9F0066A58E /* DataManagerModule */ = {
			isa = PBXGroup;
			children = (
				C74EF77628897D8B0066A58E /* LocalCacheModule */,
				C70BBEF2288940260094D402 /* NetworkModule */,
			);
			path = DataManagerModule;
			sourceTree = "<group>";
		};
		C74EF77C2889C48B0066A58E /* Repository */ = {
			isa = PBXGroup;
			children = (
				C74EF77428897D770066A58E /* Repository.swift */,
			);
			path = Repository;
			sourceTree = "<group>";
		};
		C74EF783288A93A00066A58E /* Utils */ = {
			isa = PBXGroup;
			children = (
				C76A63C1288CCC960043E315 /* Extensions */,
				C74EF784288A93BE0066A58E /* GenericTableViewDataSourceDelegate.swift */,
			);
			path = Utils;
			sourceTree = "<group>";
		};
		C74EF788288AA4AD0066A58E /* Cell */ = {
			isa = PBXGroup;
			children = (
				C74EF789288AA4D50066A58E /* TableViewCell.swift */,
				C74EF78A288AA4D50066A58E /* TableViewCell.xib */,
			);
			path = Cell;
			sourceTree = "<group>";
		};
		C74EF78F288AE1770066A58E /* HomeView */ = {
			isa = PBXGroup;
			children = (
				C70BBEC62888CE960094D402 /* HomeViewController.swift */,
			);
			path = HomeView;
			sourceTree = "<group>";
		};
		C74EF791288AE1A20066A58E /* ViewModelTest */ = {
			isa = PBXGroup;
			children = (
				C74EF792288AE69D0066A58E /* ViewModelTest.swift */,
			);
			path = ViewModelTest;
			sourceTree = "<group>";
		};
		C76A63BE288BA7890043E315 /* SearchView */ = {
			isa = PBXGroup;
			children = (
				C76A63BF288BA7AB0043E315 /* SearchViewController.swift */,
			);
			path = SearchView;
			sourceTree = "<group>";
		};
		C76A63C1288CCC960043E315 /* Extensions */ = {
			isa = PBXGroup;
			children = (
				C74EF786288A96130066A58E /* UIViewController + Extensions.swift */,
				C76A63C2288CCCB60043E315 /* UITableView + Extension.swift */,
			);
			path = Extensions;
			sourceTree = "<group>";
		};
/* End PBXGroup section */

/* Begin PBXNativeTarget section */
		C70BBEBE2888CE960094D402 /* Square1_iOS_Assessment */ = {
			isa = PBXNativeTarget;
			buildConfigurationList = C70BBEE92888CE990094D402 /* Build configuration list for PBXNativeTarget "Square1_iOS_Assessment" */;
			buildPhases = (
				B4DD218C773250CE961CF472 /* [CP] Check Pods Manifest.lock */,
				C70BBEBB2888CE960094D402 /* Sources */,
				C70BBEBC2888CE960094D402 /* Frameworks */,
				C70BBEBD2888CE960094D402 /* Resources */,
				CD957B3E1EA336B191A3AAD5 /* [CP] Embed Pods Frameworks */,
			);
			buildRules = (
			);
			dependencies = (
			);
			name = Square1_iOS_Assessment;
			productName = Square1_iOS_Assessment;
			productReference = C70BBEBF2888CE960094D402 /* Square1_iOS_Assessment.app */;
			productType = "com.apple.product-type.application";
		};
		C70BBED42888CE990094D402 /* Square1_iOS_AssessmentTests */ = {
			isa = PBXNativeTarget;
			buildConfigurationList = C70BBEEC2888CE990094D402 /* Build configuration list for PBXNativeTarget "Square1_iOS_AssessmentTests" */;
			buildPhases = (
				381BFBB29836AA29C81EFE0E /* [CP] Check Pods Manifest.lock */,
				C70BBED12888CE990094D402 /* Sources */,
				C70BBED22888CE990094D402 /* Frameworks */,
				C70BBED32888CE990094D402 /* Resources */,
				7A4C46374B2BFD6D25DD8688 /* [CP] Embed Pods Frameworks */,
			);
			buildRules = (
			);
			dependencies = (
				C70BBED72888CE990094D402 /* PBXTargetDependency */,
			);
			name = Square1_iOS_AssessmentTests;
			productName = Square1_iOS_AssessmentTests;
			productReference = C70BBED52888CE990094D402 /* Square1_iOS_AssessmentTests.xctest */;
			productType = "com.apple.product-type.bundle.unit-test";
		};
		C70BBEDE2888CE990094D402 /* Square1_iOS_AssessmentUITests */ = {
			isa = PBXNativeTarget;
			buildConfigurationList = C70BBEEF2888CE990094D402 /* Build configuration list for PBXNativeTarget "Square1_iOS_AssessmentUITests" */;
			buildPhases = (
				4FCCA30806E885B7D7A7080D /* [CP] Check Pods Manifest.lock */,
				C70BBEDB2888CE990094D402 /* Sources */,
				C70BBEDC2888CE990094D402 /* Frameworks */,
				C70BBEDD2888CE990094D402 /* Resources */,
				80F03EB4BF99B1CA918D2FA1 /* [CP] Embed Pods Frameworks */,
			);
			buildRules = (
			);
			dependencies = (
				C70BBEE12888CE990094D402 /* PBXTargetDependency */,
			);
			name = Square1_iOS_AssessmentUITests;
			productName = Square1_iOS_AssessmentUITests;
			productReference = C70BBEDF2888CE990094D402 /* Square1_iOS_AssessmentUITests.xctest */;
			productType = "com.apple.product-type.bundle.ui-testing";
		};
/* End PBXNativeTarget section */

/* Begin PBXProject section */
		C70BBEB72888CE960094D402 /* Project object */ = {
			isa = PBXProject;
			attributes = {
				BuildIndependentTargetsInParallel = 1;
				LastSwiftUpdateCheck = 1340;
				LastUpgradeCheck = 1340;
				TargetAttributes = {
					C70BBEBE2888CE960094D402 = {
						CreatedOnToolsVersion = 13.4.1;
					};
					C70BBED42888CE990094D402 = {
						CreatedOnToolsVersion = 13.4.1;
						TestTargetID = C70BBEBE2888CE960094D402;
					};
					C70BBEDE2888CE990094D402 = {
						CreatedOnToolsVersion = 13.4.1;
						TestTargetID = C70BBEBE2888CE960094D402;
					};
				};
			};
			buildConfigurationList = C70BBEBA2888CE960094D402 /* Build configuration list for PBXProject "Square1_iOS_Assessment" */;
			compatibilityVersion = "Xcode 13.0";
			developmentRegion = en;
			hasScannedForEncodings = 0;
			knownRegions = (
				en,
				Base,
			);
			mainGroup = C70BBEB62888CE960094D402;
			productRefGroup = C70BBEC02888CE960094D402 /* Products */;
			projectDirPath = "";
			projectRoot = "";
			targets = (
				C70BBEBE2888CE960094D402 /* Square1_iOS_Assessment */,
				C70BBED42888CE990094D402 /* Square1_iOS_AssessmentTests */,
				C70BBEDE2888CE990094D402 /* Square1_iOS_AssessmentUITests */,
			);
		};
/* End PBXProject section */

/* Begin PBXResourcesBuildPhase section */
		C70BBEBD2888CE960094D402 /* Resources */ = {
			isa = PBXResourcesBuildPhase;
			buildActionMask = 2147483647;
			files = (
				C70BBECF2888CE990094D402 /* LaunchScreen.storyboard in Resources */,
				C74EF78C288AA4D50066A58E /* TableViewCell.xib in Resources */,
				C70BBECC2888CE990094D402 /* Assets.xcassets in Resources */,
				C70BBECA2888CE960094D402 /* Main.storyboard in Resources */,
			);
			runOnlyForDeploymentPostprocessing = 0;
		};
		C70BBED32888CE990094D402 /* Resources */ = {
			isa = PBXResourcesBuildPhase;
			buildActionMask = 2147483647;
			files = (
			);
			runOnlyForDeploymentPostprocessing = 0;
		};
		C70BBEDD2888CE990094D402 /* Resources */ = {
			isa = PBXResourcesBuildPhase;
			buildActionMask = 2147483647;
			files = (
			);
			runOnlyForDeploymentPostprocessing = 0;
		};
/* End PBXResourcesBuildPhase section */

/* Begin PBXShellScriptBuildPhase section */
		381BFBB29836AA29C81EFE0E /* [CP] Check Pods Manifest.lock */ = {
			isa = PBXShellScriptBuildPhase;
			buildActionMask = 2147483647;
			files = (
			);
			inputFileListPaths = (
			);
			inputPaths = (
				"${PODS_PODFILE_DIR_PATH}/Podfile.lock",
				"${PODS_ROOT}/Manifest.lock",
			);
			name = "[CP] Check Pods Manifest.lock";
			outputFileListPaths = (
			);
			outputPaths = (
				"$(DERIVED_FILE_DIR)/Pods-Square1_iOS_Assessment-Square1_iOS_AssessmentTests-checkManifestLockResult.txt",
			);
			runOnlyForDeploymentPostprocessing = 0;
			shellPath = /bin/sh;
			shellScript = "diff \"${PODS_PODFILE_DIR_PATH}/Podfile.lock\" \"${PODS_ROOT}/Manifest.lock\" > /dev/null\nif [ $? != 0 ] ; then\n    # print error to STDERR\n    echo \"error: The sandbox is not in sync with the Podfile.lock. Run 'pod install' or update your CocoaPods installation.\" >&2\n    exit 1\nfi\n# This output is used by Xcode 'outputs' to avoid re-running this script phase.\necho \"SUCCESS\" > \"${SCRIPT_OUTPUT_FILE_0}\"\n";
			showEnvVarsInLog = 0;
		};
		4FCCA30806E885B7D7A7080D /* [CP] Check Pods Manifest.lock */ = {
			isa = PBXShellScriptBuildPhase;
			buildActionMask = 2147483647;
			files = (
			);
			inputFileListPaths = (
			);
			inputPaths = (
				"${PODS_PODFILE_DIR_PATH}/Podfile.lock",
				"${PODS_ROOT}/Manifest.lock",
			);
			name = "[CP] Check Pods Manifest.lock";
			outputFileListPaths = (
			);
			outputPaths = (
				"$(DERIVED_FILE_DIR)/Pods-Square1_iOS_Assessment-Square1_iOS_AssessmentUITests-checkManifestLockResult.txt",
			);
			runOnlyForDeploymentPostprocessing = 0;
			shellPath = /bin/sh;
			shellScript = "diff \"${PODS_PODFILE_DIR_PATH}/Podfile.lock\" \"${PODS_ROOT}/Manifest.lock\" > /dev/null\nif [ $? != 0 ] ; then\n    # print error to STDERR\n    echo \"error: The sandbox is not in sync with the Podfile.lock. Run 'pod install' or update your CocoaPods installation.\" >&2\n    exit 1\nfi\n# This output is used by Xcode 'outputs' to avoid re-running this script phase.\necho \"SUCCESS\" > \"${SCRIPT_OUTPUT_FILE_0}\"\n";
			showEnvVarsInLog = 0;
		};
		7A4C46374B2BFD6D25DD8688 /* [CP] Embed Pods Frameworks */ = {
			isa = PBXShellScriptBuildPhase;
			buildActionMask = 2147483647;
			files = (
			);
			inputFileListPaths = (
				"${PODS_ROOT}/Target Support Files/Pods-Square1_iOS_Assessment-Square1_iOS_AssessmentTests/Pods-Square1_iOS_Assessment-Square1_iOS_AssessmentTests-frameworks-${CONFIGURATION}-input-files.xcfilelist",
			);
			name = "[CP] Embed Pods Frameworks";
			outputFileListPaths = (
				"${PODS_ROOT}/Target Support Files/Pods-Square1_iOS_Assessment-Square1_iOS_AssessmentTests/Pods-Square1_iOS_Assessment-Square1_iOS_AssessmentTests-frameworks-${CONFIGURATION}-output-files.xcfilelist",
			);
			runOnlyForDeploymentPostprocessing = 0;
			shellPath = /bin/sh;
			shellScript = "\"${PODS_ROOT}/Target Support Files/Pods-Square1_iOS_Assessment-Square1_iOS_AssessmentTests/Pods-Square1_iOS_Assessment-Square1_iOS_AssessmentTests-frameworks.sh\"\n";
			showEnvVarsInLog = 0;
		};
		80F03EB4BF99B1CA918D2FA1 /* [CP] Embed Pods Frameworks */ = {
			isa = PBXShellScriptBuildPhase;
			buildActionMask = 2147483647;
			files = (
			);
			inputFileListPaths = (
				"${PODS_ROOT}/Target Support Files/Pods-Square1_iOS_Assessment-Square1_iOS_AssessmentUITests/Pods-Square1_iOS_Assessment-Square1_iOS_AssessmentUITests-frameworks-${CONFIGURATION}-input-files.xcfilelist",
			);
			name = "[CP] Embed Pods Frameworks";
			outputFileListPaths = (
				"${PODS_ROOT}/Target Support Files/Pods-Square1_iOS_Assessment-Square1_iOS_AssessmentUITests/Pods-Square1_iOS_Assessment-Square1_iOS_AssessmentUITests-frameworks-${CONFIGURATION}-output-files.xcfilelist",
			);
			runOnlyForDeploymentPostprocessing = 0;
			shellPath = /bin/sh;
			shellScript = "\"${PODS_ROOT}/Target Support Files/Pods-Square1_iOS_Assessment-Square1_iOS_AssessmentUITests/Pods-Square1_iOS_Assessment-Square1_iOS_AssessmentUITests-frameworks.sh\"\n";
			showEnvVarsInLog = 0;
		};
		B4DD218C773250CE961CF472 /* [CP] Check Pods Manifest.lock */ = {
			isa = PBXShellScriptBuildPhase;
			buildActionMask = 2147483647;
			files = (
			);
			inputFileListPaths = (
			);
			inputPaths = (
				"${PODS_PODFILE_DIR_PATH}/Podfile.lock",
				"${PODS_ROOT}/Manifest.lock",
			);
			name = "[CP] Check Pods Manifest.lock";
			outputFileListPaths = (
			);
			outputPaths = (
				"$(DERIVED_FILE_DIR)/Pods-Square1_iOS_Assessment-checkManifestLockResult.txt",
			);
			runOnlyForDeploymentPostprocessing = 0;
			shellPath = /bin/sh;
			shellScript = "diff \"${PODS_PODFILE_DIR_PATH}/Podfile.lock\" \"${PODS_ROOT}/Manifest.lock\" > /dev/null\nif [ $? != 0 ] ; then\n    # print error to STDERR\n    echo \"error: The sandbox is not in sync with the Podfile.lock. Run 'pod install' or update your CocoaPods installation.\" >&2\n    exit 1\nfi\n# This output is used by Xcode 'outputs' to avoid re-running this script phase.\necho \"SUCCESS\" > \"${SCRIPT_OUTPUT_FILE_0}\"\n";
			showEnvVarsInLog = 0;
		};
		CD957B3E1EA336B191A3AAD5 /* [CP] Embed Pods Frameworks */ = {
			isa = PBXShellScriptBuildPhase;
			buildActionMask = 2147483647;
			files = (
			);
			inputFileListPaths = (
				"${PODS_ROOT}/Target Support Files/Pods-Square1_iOS_Assessment/Pods-Square1_iOS_Assessment-frameworks-${CONFIGURATION}-input-files.xcfilelist",
			);
			name = "[CP] Embed Pods Frameworks";
			outputFileListPaths = (
				"${PODS_ROOT}/Target Support Files/Pods-Square1_iOS_Assessment/Pods-Square1_iOS_Assessment-frameworks-${CONFIGURATION}-output-files.xcfilelist",
			);
			runOnlyForDeploymentPostprocessing = 0;
			shellPath = /bin/sh;
			shellScript = "\"${PODS_ROOT}/Target Support Files/Pods-Square1_iOS_Assessment/Pods-Square1_iOS_Assessment-frameworks.sh\"\n";
			showEnvVarsInLog = 0;
		};
/* End PBXShellScriptBuildPhase section */

/* Begin PBXSourcesBuildPhase section */
		C70BBEBB2888CE960094D402 /* Sources */ = {
			isa = PBXSourcesBuildPhase;
			buildActionMask = 2147483647;
			files = (
				C74EF782288A07000066A58E /* MapViewController.swift in Sources */,
				C76A63C3288CCCB60043E315 /* UITableView + Extension.swift in Sources */,
				C74EF785288A93BE0066A58E /* GenericTableViewDataSourceDelegate.swift in Sources */,
				C74EF77928897E170066A58E /* LocalDataCacheManager.swift in Sources */,
				C76A63C0288BA7AB0043E315 /* SearchViewController.swift in Sources */,
				C70BBEF52889490E0094D402 /* NetworkManager.swift in Sources */,
				C70BBEC72888CE960094D402 /* HomeViewController.swift in Sources */,
				C74EF78B288AA4D50066A58E /* TableViewCell.swift in Sources */,
				C74EF77528897D770066A58E /* Repository.swift in Sources */,
				C70BBEC32888CE960094D402 /* AppDelegate.swift in Sources */,
				C74EF795288B54110066A58E /* ItemDataSource.swift in Sources */,
				C74EF77B2889933E0066A58E /* RealmModel.swift in Sources */,
				C74EF787288A96130066A58E /* UIViewController + Extensions.swift in Sources */,
				C74EF76C28895C5D0066A58E /* ApiResponseModel.swift in Sources */,
				C70BBEC52888CE960094D402 /* SceneDelegate.swift in Sources */,
				C74EF780288A06E80066A58E /* ListViewController.swift in Sources */,
				C74EF77E2889C49F0066A58E /* ViewModel.swift in Sources */,
			);
			runOnlyForDeploymentPostprocessing = 0;
		};
		C70BBED12888CE990094D402 /* Sources */ = {
			isa = PBXSourcesBuildPhase;
			buildActionMask = 2147483647;
			files = (
				C70BBEDA2888CE990094D402 /* Square1_iOS_AssessmentTests.swift in Sources */,
				C74EF793288AE69D0066A58E /* ViewModelTest.swift in Sources */,
			);
			runOnlyForDeploymentPostprocessing = 0;
		};
		C70BBEDB2888CE990094D402 /* Sources */ = {
			isa = PBXSourcesBuildPhase;
			buildActionMask = 2147483647;
			files = (
				C70BBEE42888CE990094D402 /* Square1_iOS_AssessmentUITests.swift in Sources */,
				C70BBEE62888CE990094D402 /* Square1_iOS_AssessmentUITestsLaunchTests.swift in Sources */,
			);
			runOnlyForDeploymentPostprocessing = 0;
		};
/* End PBXSourcesBuildPhase section */

/* Begin PBXTargetDependency section */
		C70BBED72888CE990094D402 /* PBXTargetDependency */ = {
			isa = PBXTargetDependency;
			target = C70BBEBE2888CE960094D402 /* Square1_iOS_Assessment */;
			targetProxy = C70BBED62888CE990094D402 /* PBXContainerItemProxy */;
		};
		C70BBEE12888CE990094D402 /* PBXTargetDependency */ = {
			isa = PBXTargetDependency;
			target = C70BBEBE2888CE960094D402 /* Square1_iOS_Assessment */;
			targetProxy = C70BBEE02888CE990094D402 /* PBXContainerItemProxy */;
		};
/* End PBXTargetDependency section */

/* Begin PBXVariantGroup section */
		C70BBEC82888CE960094D402 /* Main.storyboard */ = {
			isa = PBXVariantGroup;
			children = (
				C70BBEC92888CE960094D402 /* Base */,
			);
			name = Main.storyboard;
			sourceTree = "<group>";
		};
		C70BBECD2888CE990094D402 /* LaunchScreen.storyboard */ = {
			isa = PBXVariantGroup;
			children = (
				C70BBECE2888CE990094D402 /* Base */,
			);
			name = LaunchScreen.storyboard;
			sourceTree = "<group>";
		};
/* End PBXVariantGroup section */

/* Begin XCBuildConfiguration section */
		C70BBEE72888CE990094D402 /* Debug */ = {
			isa = XCBuildConfiguration;
			buildSettings = {
				ALWAYS_SEARCH_USER_PATHS = NO;
				CLANG_ANALYZER_NONNULL = YES;
				CLANG_ANALYZER_NUMBER_OBJECT_CONVERSION = YES_AGGRESSIVE;
				CLANG_CXX_LANGUAGE_STANDARD = "gnu++17";
				CLANG_ENABLE_MODULES = YES;
				CLANG_ENABLE_OBJC_ARC = YES;
				CLANG_ENABLE_OBJC_WEAK = YES;
				CLANG_WARN_BLOCK_CAPTURE_AUTORELEASING = YES;
				CLANG_WARN_BOOL_CONVERSION = YES;
				CLANG_WARN_COMMA = YES;
				CLANG_WARN_CONSTANT_CONVERSION = YES;
				CLANG_WARN_DEPRECATED_OBJC_IMPLEMENTATIONS = YES;
				CLANG_WARN_DIRECT_OBJC_ISA_USAGE = YES_ERROR;
				CLANG_WARN_DOCUMENTATION_COMMENTS = YES;
				CLANG_WARN_EMPTY_BODY = YES;
				CLANG_WARN_ENUM_CONVERSION = YES;
				CLANG_WARN_INFINITE_RECURSION = YES;
				CLANG_WARN_INT_CONVERSION = YES;
				CLANG_WARN_NON_LITERAL_NULL_CONVERSION = YES;
				CLANG_WARN_OBJC_IMPLICIT_RETAIN_SELF = YES;
				CLANG_WARN_OBJC_LITERAL_CONVERSION = YES;
				CLANG_WARN_OBJC_ROOT_CLASS = YES_ERROR;
				CLANG_WARN_QUOTED_INCLUDE_IN_FRAMEWORK_HEADER = YES;
				CLANG_WARN_RANGE_LOOP_ANALYSIS = YES;
				CLANG_WARN_STRICT_PROTOTYPES = YES;
				CLANG_WARN_SUSPICIOUS_MOVE = YES;
				CLANG_WARN_UNGUARDED_AVAILABILITY = YES_AGGRESSIVE;
				CLANG_WARN_UNREACHABLE_CODE = YES;
				CLANG_WARN__DUPLICATE_METHOD_MATCH = YES;
				COPY_PHASE_STRIP = NO;
				DEBUG_INFORMATION_FORMAT = dwarf;
				ENABLE_STRICT_OBJC_MSGSEND = YES;
				ENABLE_TESTABILITY = YES;
				GCC_C_LANGUAGE_STANDARD = gnu11;
				GCC_DYNAMIC_NO_PIC = NO;
				GCC_NO_COMMON_BLOCKS = YES;
				GCC_OPTIMIZATION_LEVEL = 0;
				GCC_PREPROCESSOR_DEFINITIONS = (
					"DEBUG=1",
					"$(inherited)",
				);
				GCC_WARN_64_TO_32_BIT_CONVERSION = YES;
				GCC_WARN_ABOUT_RETURN_TYPE = YES_ERROR;
				GCC_WARN_UNDECLARED_SELECTOR = YES;
				GCC_WARN_UNINITIALIZED_AUTOS = YES_AGGRESSIVE;
				GCC_WARN_UNUSED_FUNCTION = YES;
				GCC_WARN_UNUSED_VARIABLE = YES;
				IPHONEOS_DEPLOYMENT_TARGET = 15.5;
				MTL_ENABLE_DEBUG_INFO = INCLUDE_SOURCE;
				MTL_FAST_MATH = YES;
				ONLY_ACTIVE_ARCH = YES;
				SDKROOT = iphoneos;
				SWIFT_ACTIVE_COMPILATION_CONDITIONS = DEBUG;
				SWIFT_OPTIMIZATION_LEVEL = "-Onone";
			};
			name = Debug;
		};
		C70BBEE82888CE990094D402 /* Release */ = {
			isa = XCBuildConfiguration;
			buildSettings = {
				ALWAYS_SEARCH_USER_PATHS = NO;
				CLANG_ANALYZER_NONNULL = YES;
				CLANG_ANALYZER_NUMBER_OBJECT_CONVERSION = YES_AGGRESSIVE;
				CLANG_CXX_LANGUAGE_STANDARD = "gnu++17";
				CLANG_ENABLE_MODULES = YES;
				CLANG_ENABLE_OBJC_ARC = YES;
				CLANG_ENABLE_OBJC_WEAK = YES;
				CLANG_WARN_BLOCK_CAPTURE_AUTORELEASING = YES;
				CLANG_WARN_BOOL_CONVERSION = YES;
				CLANG_WARN_COMMA = YES;
				CLANG_WARN_CONSTANT_CONVERSION = YES;
				CLANG_WARN_DEPRECATED_OBJC_IMPLEMENTATIONS = YES;
				CLANG_WARN_DIRECT_OBJC_ISA_USAGE = YES_ERROR;
				CLANG_WARN_DOCUMENTATION_COMMENTS = YES;
				CLANG_WARN_EMPTY_BODY = YES;
				CLANG_WARN_ENUM_CONVERSION = YES;
				CLANG_WARN_INFINITE_RECURSION = YES;
				CLANG_WARN_INT_CONVERSION = YES;
				CLANG_WARN_NON_LITERAL_NULL_CONVERSION = YES;
				CLANG_WARN_OBJC_IMPLICIT_RETAIN_SELF = YES;
				CLANG_WARN_OBJC_LITERAL_CONVERSION = YES;
				CLANG_WARN_OBJC_ROOT_CLASS = YES_ERROR;
				CLANG_WARN_QUOTED_INCLUDE_IN_FRAMEWORK_HEADER = YES;
				CLANG_WARN_RANGE_LOOP_ANALYSIS = YES;
				CLANG_WARN_STRICT_PROTOTYPES = YES;
				CLANG_WARN_SUSPICIOUS_MOVE = YES;
				CLANG_WARN_UNGUARDED_AVAILABILITY = YES_AGGRESSIVE;
				CLANG_WARN_UNREACHABLE_CODE = YES;
				CLANG_WARN__DUPLICATE_METHOD_MATCH = YES;
				COPY_PHASE_STRIP = NO;
				DEBUG_INFORMATION_FORMAT = "dwarf-with-dsym";
				ENABLE_NS_ASSERTIONS = NO;
				ENABLE_STRICT_OBJC_MSGSEND = YES;
				GCC_C_LANGUAGE_STANDARD = gnu11;
				GCC_NO_COMMON_BLOCKS = YES;
				GCC_WARN_64_TO_32_BIT_CONVERSION = YES;
				GCC_WARN_ABOUT_RETURN_TYPE = YES_ERROR;
				GCC_WARN_UNDECLARED_SELECTOR = YES;
				GCC_WARN_UNINITIALIZED_AUTOS = YES_AGGRESSIVE;
				GCC_WARN_UNUSED_FUNCTION = YES;
				GCC_WARN_UNUSED_VARIABLE = YES;
				IPHONEOS_DEPLOYMENT_TARGET = 15.5;
				MTL_ENABLE_DEBUG_INFO = NO;
				MTL_FAST_MATH = YES;
				SDKROOT = iphoneos;
				SWIFT_COMPILATION_MODE = wholemodule;
				SWIFT_OPTIMIZATION_LEVEL = "-O";
				VALIDATE_PRODUCT = YES;
			};
			name = Release;
		};
		C70BBEEA2888CE990094D402 /* Debug */ = {
			isa = XCBuildConfiguration;
			baseConfigurationReference = 8FA45864F50C08A52738B8D2 /* Pods-Square1_iOS_Assessment.debug.xcconfig */;
			buildSettings = {
				ASSETCATALOG_COMPILER_APPICON_NAME = AppIcon;
				ASSETCATALOG_COMPILER_GLOBAL_ACCENT_COLOR_NAME = AccentColor;
				CODE_SIGN_STYLE = Automatic;
				CURRENT_PROJECT_VERSION = 1;
				DEVELOPMENT_TEAM = FM2684XVHA;
				GENERATE_INFOPLIST_FILE = YES;
				INFOPLIST_FILE = Square1_iOS_Assessment/Info.plist;
				INFOPLIST_KEY_UIApplicationSupportsIndirectInputEvents = YES;
				INFOPLIST_KEY_UILaunchStoryboardName = LaunchScreen;
				INFOPLIST_KEY_UIMainStoryboardFile = Main;
				INFOPLIST_KEY_UISupportedInterfaceOrientations_iPad = "UIInterfaceOrientationPortrait UIInterfaceOrientationPortraitUpsideDown UIInterfaceOrientationLandscapeLeft UIInterfaceOrientationLandscapeRight";
				INFOPLIST_KEY_UISupportedInterfaceOrientations_iPhone = "UIInterfaceOrientationPortrait UIInterfaceOrientationLandscapeLeft UIInterfaceOrientationLandscapeRight";
				IPHONEOS_DEPLOYMENT_TARGET = 13.0;
				LD_RUNPATH_SEARCH_PATHS = (
					"$(inherited)",
					"@executable_path/Frameworks",
				);
				MARKETING_VERSION = 1.0;
				PRODUCT_BUNDLE_IDENTIFIER = "com.square1-ios-assessment.Square1-iOS-Assessment";
				PRODUCT_NAME = "$(TARGET_NAME)";
				SWIFT_EMIT_LOC_STRINGS = YES;
				SWIFT_VERSION = 5.0;
				TARGETED_DEVICE_FAMILY = 1;
			};
			name = Debug;
		};
		C70BBEEB2888CE990094D402 /* Release */ = {
			isa = XCBuildConfiguration;
			baseConfigurationReference = 08F9DDC4A55FA6BDFF118A99 /* Pods-Square1_iOS_Assessment.release.xcconfig */;
			buildSettings = {
				ASSETCATALOG_COMPILER_APPICON_NAME = AppIcon;
				ASSETCATALOG_COMPILER_GLOBAL_ACCENT_COLOR_NAME = AccentColor;
				CODE_SIGN_STYLE = Automatic;
				CURRENT_PROJECT_VERSION = 1;
				DEVELOPMENT_TEAM = FM2684XVHA;
				GENERATE_INFOPLIST_FILE = YES;
				INFOPLIST_FILE = Square1_iOS_Assessment/Info.plist;
				INFOPLIST_KEY_UIApplicationSupportsIndirectInputEvents = YES;
				INFOPLIST_KEY_UILaunchStoryboardName = LaunchScreen;
				INFOPLIST_KEY_UIMainStoryboardFile = Main;
				INFOPLIST_KEY_UISupportedInterfaceOrientations_iPad = "UIInterfaceOrientationPortrait UIInterfaceOrientationPortraitUpsideDown UIInterfaceOrientationLandscapeLeft UIInterfaceOrientationLandscapeRight";
				INFOPLIST_KEY_UISupportedInterfaceOrientations_iPhone = "UIInterfaceOrientationPortrait UIInterfaceOrientationLandscapeLeft UIInterfaceOrientationLandscapeRight";
				IPHONEOS_DEPLOYMENT_TARGET = 13.0;
				LD_RUNPATH_SEARCH_PATHS = (
					"$(inherited)",
					"@executable_path/Frameworks",
				);
				MARKETING_VERSION = 1.0;
				PRODUCT_BUNDLE_IDENTIFIER = "com.square1-ios-assessment.Square1-iOS-Assessment";
				PRODUCT_NAME = "$(TARGET_NAME)";
				SWIFT_EMIT_LOC_STRINGS = YES;
				SWIFT_VERSION = 5.0;
				TARGETED_DEVICE_FAMILY = 1;
			};
			name = Release;
		};
		C70BBEED2888CE990094D402 /* Debug */ = {
			isa = XCBuildConfiguration;
			baseConfigurationReference = EE8FC70D497EA757BAA0F5F0 /* Pods-Square1_iOS_Assessment-Square1_iOS_AssessmentTests.debug.xcconfig */;
			buildSettings = {
				ALWAYS_EMBED_SWIFT_STANDARD_LIBRARIES = YES;
				BUNDLE_LOADER = "$(TEST_HOST)";
				CODE_SIGN_STYLE = Automatic;
				CURRENT_PROJECT_VERSION = 1;
				DEVELOPMENT_TEAM = FM2684XVHA;
				GENERATE_INFOPLIST_FILE = YES;
				IPHONEOS_DEPLOYMENT_TARGET = 15.5;
				MARKETING_VERSION = 1.0;
				PRODUCT_BUNDLE_IDENTIFIER = "com.square1-ios-assessment.Square1-iOS-AssessmentTests";
				PRODUCT_NAME = "$(TARGET_NAME)";
				SWIFT_EMIT_LOC_STRINGS = NO;
				SWIFT_VERSION = 5.0;
				TARGETED_DEVICE_FAMILY = "1,2";
				TEST_HOST = "$(BUILT_PRODUCTS_DIR)/Square1_iOS_Assessment.app/Square1_iOS_Assessment";
			};
			name = Debug;
		};
		C70BBEEE2888CE990094D402 /* Release */ = {
			isa = XCBuildConfiguration;
			baseConfigurationReference = 3EE3B3CE48E81B98E5173F6B /* Pods-Square1_iOS_Assessment-Square1_iOS_AssessmentTests.release.xcconfig */;
			buildSettings = {
				ALWAYS_EMBED_SWIFT_STANDARD_LIBRARIES = YES;
				BUNDLE_LOADER = "$(TEST_HOST)";
				CODE_SIGN_STYLE = Automatic;
				CURRENT_PROJECT_VERSION = 1;
				DEVELOPMENT_TEAM = FM2684XVHA;
				GENERATE_INFOPLIST_FILE = YES;
				IPHONEOS_DEPLOYMENT_TARGET = 15.5;
				MARKETING_VERSION = 1.0;
				PRODUCT_BUNDLE_IDENTIFIER = "com.square1-ios-assessment.Square1-iOS-AssessmentTests";
				PRODUCT_NAME = "$(TARGET_NAME)";
				SWIFT_EMIT_LOC_STRINGS = NO;
				SWIFT_VERSION = 5.0;
				TARGETED_DEVICE_FAMILY = "1,2";
				TEST_HOST = "$(BUILT_PRODUCTS_DIR)/Square1_iOS_Assessment.app/Square1_iOS_Assessment";
			};
			name = Release;
		};
		C70BBEF02888CE990094D402 /* Debug */ = {
			isa = XCBuildConfiguration;
			baseConfigurationReference = D165335FFC4C18E3BF52B1C7 /* Pods-Square1_iOS_Assessment-Square1_iOS_AssessmentUITests.debug.xcconfig */;
			buildSettings = {
				ALWAYS_EMBED_SWIFT_STANDARD_LIBRARIES = YES;
				CODE_SIGN_STYLE = Automatic;
				CURRENT_PROJECT_VERSION = 1;
				DEVELOPMENT_TEAM = FM2684XVHA;
				GENERATE_INFOPLIST_FILE = YES;
				MARKETING_VERSION = 1.0;
				PRODUCT_BUNDLE_IDENTIFIER = "com.square1-ios-assessment.Square1-iOS-AssessmentUITests";
				PRODUCT_NAME = "$(TARGET_NAME)";
				SWIFT_EMIT_LOC_STRINGS = NO;
				SWIFT_VERSION = 5.0;
				TARGETED_DEVICE_FAMILY = "1,2";
				TEST_TARGET_NAME = Square1_iOS_Assessment;
			};
			name = Debug;
		};
		C70BBEF12888CE990094D402 /* Release */ = {
			isa = XCBuildConfiguration;
			baseConfigurationReference = D30C2B8A875AB780F417C695 /* Pods-Square1_iOS_Assessment-Square1_iOS_AssessmentUITests.release.xcconfig */;
			buildSettings = {
				ALWAYS_EMBED_SWIFT_STANDARD_LIBRARIES = YES;
				CODE_SIGN_STYLE = Automatic;
				CURRENT_PROJECT_VERSION = 1;
				DEVELOPMENT_TEAM = FM2684XVHA;
				GENERATE_INFOPLIST_FILE = YES;
				MARKETING_VERSION = 1.0;
				PRODUCT_BUNDLE_IDENTIFIER = "com.square1-ios-assessment.Square1-iOS-AssessmentUITests";
				PRODUCT_NAME = "$(TARGET_NAME)";
				SWIFT_EMIT_LOC_STRINGS = NO;
				SWIFT_VERSION = 5.0;
				TARGETED_DEVICE_FAMILY = "1,2";
				TEST_TARGET_NAME = Square1_iOS_Assessment;
			};
			name = Release;
		};
/* End XCBuildConfiguration section */

/* Begin XCConfigurationList section */
		C70BBEBA2888CE960094D402 /* Build configuration list for PBXProject "Square1_iOS_Assessment" */ = {
			isa = XCConfigurationList;
			buildConfigurations = (
				C70BBEE72888CE990094D402 /* Debug */,
				C70BBEE82888CE990094D402 /* Release */,
			);
			defaultConfigurationIsVisible = 0;
			defaultConfigurationName = Release;
		};
		C70BBEE92888CE990094D402 /* Build configuration list for PBXNativeTarget "Square1_iOS_Assessment" */ = {
			isa = XCConfigurationList;
			buildConfigurations = (
				C70BBEEA2888CE990094D402 /* Debug */,
				C70BBEEB2888CE990094D402 /* Release */,
			);
			defaultConfigurationIsVisible = 0;
			defaultConfigurationName = Release;
		};
		C70BBEEC2888CE990094D402 /* Build configuration list for PBXNativeTarget "Square1_iOS_AssessmentTests" */ = {
			isa = XCConfigurationList;
			buildConfigurations = (
				C70BBEED2888CE990094D402 /* Debug */,
				C70BBEEE2888CE990094D402 /* Release */,
			);
			defaultConfigurationIsVisible = 0;
			defaultConfigurationName = Release;
		};
		C70BBEEF2888CE990094D402 /* Build configuration list for PBXNativeTarget "Square1_iOS_AssessmentUITests" */ = {
			isa = XCConfigurationList;
			buildConfigurations = (
				C70BBEF02888CE990094D402 /* Debug */,
				C70BBEF12888CE990094D402 /* Release */,
			);
			defaultConfigurationIsVisible = 0;
			defaultConfigurationName = Release;
		};
/* End XCConfigurationList section */
	};
	rootObject = C70BBEB72888CE960094D402 /* Project object */;
}
